
Microsoft Visual Studio Solution File, Format Version 12.00
# Visual Studio Version 17
VisualStudioVersion = 17.14.36408.4
MinimumVisualStudioVersion = 10.0.40219.1
Project("{FAE04EC0-301F-11D3-BF4B-00C04F79EFBC}") = "SingleTrainTrackScheduler", "SingleTrainTrackScheduler\SingleTrainTrackScheduler.csproj", "{7B03B26E-1C54-4982-BDFE-E91E26F780B9}"
EndProject
Project("{54435603-DBB4-11D2-8724-00A0C9A8B90C}") = "SingleTrainTrackScheduler.Setup", "SingleTrainTrackScheduler.Setup\SingleTrainTrackScheduler.Setup.vdproj", "{00788C26-1DA6-D87F-A723-B9FF88B91916}"
EndProject
Global
	GlobalSection(SolutionConfigurationPlatforms) = preSolution
		Debug|Any CPU = Debug|Any CPU
		Debug|x64 = Debug|x64
		Release|Any CPU = Release|Any CPU
		Release|x64 = Release|x64
	EndGlobalSection
	GlobalSection(ProjectConfigurationPlatforms) = postSolution
		{7B03B26E-1C54-4982-BDFE-E91E26F780B9}.Debug|Any CPU.ActiveCfg = Debug|Any CPU
		{7B03B26E-1C54-4982-BDFE-E91E26F780B9}.Debug|Any CPU.Build.0 = Debug|Any CPU
		{7B03B26E-1C54-4982-BDFE-E91E26F780B9}.Debug|x64.ActiveCfg = Debug|x64
		{7B03B26E-1C54-4982-BDFE-E91E26F780B9}.Debug|x64.Build.0 = Debug|x64
		{7B03B26E-1C54-4982-BDFE-E91E26F780B9}.Release|Any CPU.ActiveCfg = Release|Any CPU
		{7B03B26E-1C54-4982-BDFE-E91E26F780B9}.Release|Any CPU.Build.0 = Release|Any CPU
		{7B03B26E-1C54-4982-BDFE-E91E26F780B9}.Release|x64.ActiveCfg = Release|x64
		{7B03B26E-1C54-4982-BDFE-E91E26F780B9}.Release|x64.Build.0 = Release|x64
		{00788C26-1DA6-D87F-A723-B9FF88B91916}.Debug|Any CPU.ActiveCfg = Debug
		{00788C26-1DA6-D87F-A723-B9FF88B91916}.Debug|x64.ActiveCfg = Debug
		{00788C26-1DA6-D87F-A723-B9FF88B91916}.Release|Any CPU.ActiveCfg = Release
		{00788C26-1DA6-D87F-A723-B9FF88B91916}.Release|x64.ActiveCfg = Release
		{00788C26-1DA6-D87F-A723-B9FF88B91916}.Release|x64.Build.0 = Release
	EndGlobalSection
	GlobalSection(SolutionProperties) = preSolution
		HideSolutionNode = FALSE
	EndGlobalSection
	GlobalSection(ExtensibilityGlobals) = postSolution
		SolutionGuid = {7EBF4BB5-918D-4797-AAEB-67B9D6F0F18E}
	EndGlobalSection
EndGlobal
